
Microsoft Visual Studio Solution File, Format Version 12.00
# Visual Studio Version 16
VisualStudioVersion = 16.0.29613.14
MinimumVisualStudioVersion = 10.0.40219.1
Project("{8BC9CEB8-8B4A-11D0-8D11-00A0C91BC942}") = "SocketLibrary", "SocketLibrary\SocketLibrary.vcxproj", "{D1A61C60-3296-45F9-9EC2-D328EF237AC4}"
EndProject
Project("{8BC9CEB8-8B4A-11D0-8D11-00A0C91BC942}") = "Server", "Server\Server.vcxproj", "{538C29F5-B5E6-430C-A725-2E9308DD951F}"
	ProjectSection(ProjectDependencies) = postProject
		{D1A61C60-3296-45F9-9EC2-D328EF237AC4} = {D1A61C60-3296-45F9-9EC2-D328EF237AC4}
	EndProjectSection
EndProject
Project("{8BC9CEB8-8B4A-11D0-8D11-00A0C91BC942}") = "Client", "Client\Client.vcxproj", "{FFA90A09-675A-4211-B4A2-D8C19037DD86}"
	ProjectSection(ProjectDependencies) = postProject
		{D1A61C60-3296-45F9-9EC2-D328EF237AC4} = {D1A61C60-3296-45F9-9EC2-D328EF237AC4}
	EndProjectSection
EndProject
Global
	GlobalSection(SolutionConfigurationPlatforms) = preSolution
		Debug|x64 = Debug|x64
		Debug|x86 = Debug|x86
		Release|x64 = Release|x64
		Release|x86 = Release|x86
	EndGlobalSection
	GlobalSection(ProjectConfigurationPlatforms) = postSolution
		{D1A61C60-3296-45F9-9EC2-D328EF237AC4}.Debug|x64.ActiveCfg = Debug|x64
		{D1A61C60-3296-45F9-9EC2-D328EF237AC4}.Debug|x64.Build.0 = Debug|x64
		{D1A61C60-3296-45F9-9EC2-D328EF237AC4}.Debug|x86.ActiveCfg = Debug|Win32
		{D1A61C60-3296-45F9-9EC2-D328EF237AC4}.Debug|x86.Build.0 = Debug|Win32
		{D1A61C60-3296-45F9-9EC2-D328EF237AC4}.Release|x64.ActiveCfg = Release|x64
		{D1A61C60-3296-45F9-9EC2-D328EF237AC4}.Release|x64.Build.0 = Release|x64
		{D1A61C60-3296-45F9-9EC2-D328EF237AC4}.Release|x86.ActiveCfg = Release|Win32
		{D1A61C60-3296-45F9-9EC2-D328EF237AC4}.Release|x86.Build.0 = Release|Win32
		{538C29F5-B5E6-430C-A725-2E9308DD951F}.Debug|x64.ActiveCfg = Debug|x64
		{538C29F5-B5E6-430C-A725-2E9308DD951F}.Debug|x64.Build.0 = Debug|x64
		{538C29F5-B5E6-430C-A725-2E9308DD951F}.Debug|x86.ActiveCfg = Debug|Win32
		{538C29F5-B5E6-430C-A725-2E9308DD951F}.Debug|x86.Build.0 = Debug|Win32
		{538C29F5-B5E6-430C-A725-2E9308DD951F}.Release|x64.ActiveCfg = Release|x64
		{538C29F5-B5E6-430C-A725-2E9308DD951F}.Release|x64.Build.0 = Release|x64
		{538C29F5-B5E6-430C-A725-2E9308DD951F}.Release|x86.ActiveCfg = Release|Win32
		{538C29F5-B5E6-430C-A725-2E9308DD951F}.Release|x86.Build.0 = Release|Win32
		{FFA90A09-675A-4211-B4A2-D8C19037DD86}.Debug|x64.ActiveCfg = Debug|x64
		{FFA90A09-675A-4211-B4A2-D8C19037DD86}.Debug|x64.Build.0 = Debug|x64
		{FFA90A09-675A-4211-B4A2-D8C19037DD86}.Debug|x86.ActiveCfg = Debug|Win32
		{FFA90A09-675A-4211-B4A2-D8C19037DD86}.Debug|x86.Build.0 = Debug|Win32
		{FFA90A09-675A-4211-B4A2-D8C19037DD86}.Release|x64.ActiveCfg = Release|x64
		{FFA90A09-675A-4211-B4A2-D8C19037DD86}.Release|x64.Build.0 = Release|x64
		{FFA90A09-675A-4211-B4A2-D8C19037DD86}.Release|x86.ActiveCfg = Release|Win32
		{FFA90A09-675A-4211-B4A2-D8C19037DD86}.Release|x86.Build.0 = Release|Win32
	EndGlobalSection
	GlobalSection(SolutionProperties) = preSolution
		HideSolutionNode = FALSE
	EndGlobalSection
	GlobalSection(ExtensibilityGlobals) = postSolution
		SolutionGuid = {F70C7EF8-A827-4DB6-874F-57735E308DC2}
	EndGlobalSection
EndGlobal
